
# cargo-vet imports lock

[[publisher.arbitrary]]
version = "1.4.2"
when = "2025-08-14"
user-id = 696
user-login = "fitzgen"
user-name = "Nick Fitzgerald"

[[publisher.bumpalo]]
version = "3.20.3"
when = "2026-05-22"
user-id = 696
user-login = "fitzgen"
user-name = "Nick Fitzgerald"

[[publisher.cap-fs-ext]]
version = "4.0.2"
when = "2026-02-15"
user-id = 6825
user-login = "sunfishcode"
user-name = "Dan Gohman"

[[publisher.cap-primitives]]
version = "4.0.2"
when = "2026-02-15"
user-id = 6825
user-login = "sunfishcode"
user-name = "Dan Gohman"

[[publisher.cap-std]]
version = "4.0.2"
when = "2026-02-15"
user-id = 6825
user-login = "sunfishcode"
user-name = "Dan Gohman"

[[publisher.derive_arbitrary]]
version = "1.4.2"
when = "2025-08-14"
user-id = 696
user-login = "fitzgen"
user-name = "Nick Fitzgerald"

[[publisher.fs-set-times]]
version = "0.20.3"
when = "2025-03-10"
user-id = 6825
user-login = "sunfishcode"
user-name = "Dan Gohman"

[[publisher.io-extras]]
version = "0.19.0"
when = "2025-08-06"
user-id = 6825
user-login = "sunfishcode"
user-name = "Dan Gohman"

[[publisher.io-lifetimes]]
version = "2.0.4"
when = "2024-12-04"
user-id = 6825
user-login = "sunfishcode"
user-name = "Dan Gohman"

[[publisher.io-lifetimes]]
version = "3.0.1"
when = "2025-08-06"
user-id = 6825
user-login = "sunfishcode"
user-name = "Dan Gohman"

[[publisher.is-terminal]]
version = "0.4.17"
when = "2025-10-23"
user-id = 6825
user-login = "sunfishcode"
user-name = "Dan Gohman"

[[publisher.linux-raw-sys]]
version = "0.4.15"
when = "2025-01-08"
user-id = 6825
user-login = "sunfishcode"
user-name = "Dan Gohman"

[[publisher.linux-raw-sys]]
version = "0.12.1"
when = "2025-12-23"
user-id = 6825
user-login = "sunfishcode"
user-name = "Dan Gohman"

[[publisher.rustix]]
version = "0.38.44"
when = "2025-01-21"
user-id = 6825
user-login = "sunfishcode"
user-name = "Dan Gohman"

[[publisher.rustix]]
version = "1.1.4"
when = "2026-02-22"
user-id = 6825
user-login = "sunfishcode"
user-name = "Dan Gohman"

[[publisher.wasi]]
version = "0.14.7+wasi-0.2.4"
when = "2025-09-15"
user-id = 1
user-login = "alexcrichton"
user-name = "Alex Crichton"

[[publisher.wasip2]]
version = "1.0.4+wasi-0.2.12"
when = "2026-06-12"
user-id = 1
user-login = "alexcrichton"
user-name = "Alex Crichton"

[[publisher.winx]]
version = "0.36.4"
when = "2024-12-04"
user-id = 6825
user-login = "sunfishcode"
user-name = "Dan Gohman"

[[publisher.wit-bindgen]]
version = "0.57.1"
when = "2026-04-17"
trusted-publisher = "github:bytecodealliance/wit-bindgen"

[[audits.bytecode-alliance.wildcard-audits.arbitrary]]
who = "Nick Fitzgerald <fitzgen@gmail.com>"
criteria = "safe-to-deploy"
user-id = 696 # Nick Fitzgerald (fitzgen)
start = "2020-01-14"
end = "2026-08-21"
notes = "I am an author of this crate."

[[audits.bytecode-alliance.wildcard-audits.bumpalo]]
who = "Nick Fitzgerald <fitzgen@gmail.com>"
criteria = "safe-to-deploy"
user-id = 696 # Nick Fitzgerald (fitzgen)
start = "2019-03-16"
end = "2026-08-21"

[[audits.bytecode-alliance.wildcard-audits.derive_arbitrary]]
who = "Nick Fitzgerald <fitzgen@gmail.com>"
criteria = "safe-to-deploy"
user-id = 696 # Nick Fitzgerald (fitzgen)
start = "2020-01-14"
end = "2026-08-21"
notes = "I am an author of this crate"

[[audits.bytecode-alliance.wildcard-audits.wasi]]
who = "Alex Crichton <alex@alexcrichton.com>"
criteria = "safe-to-deploy"
user-id = 1 # Alex Crichton (alexcrichton)
start = "2025-08-10"
end = "2026-08-21"
notes = """
This is a Bytecode Alliance authored crate.
"""

[[audits.bytecode-alliance.wildcard-audits.wasip2]]
who = "Alex Crichton <alex@alexcrichton.com>"
criteria = "safe-to-deploy"
user-id = 1 # Alex Crichton (alexcrichton)
start = "2025-08-10"
end = "2026-08-21"
notes = """
This is a Bytecode Alliance authored crate.
"""

[[audits.bytecode-alliance.wildcard-audits.wit-bindgen]]
who = "Alex Crichton <alex@alexcrichton.com>"
criteria = "safe-to-deploy"
trusted-publisher = "github:bytecodealliance/wit-bindgen"
start = "2025-08-13"
end = "2027-01-08"
notes = "The Bytecode Alliance is the author of this crate"

[[audits.bytecode-alliance.audits.ambient-authority]]
who = "Dan Gohman <dev@sunfishcode.online>"
criteria = "safe-to-deploy"
version = "0.0.2"
notes = "Contains no unsafe code, no IO, no build.rs."

[[audits.bytecode-alliance.audits.anes]]
who = "Pat Hickey <phickey@fastly.com>"
criteria = "safe-to-deploy"
version = "0.1.6"
notes = "Contains no unsafe code, no IO, no build.rs."

[[audits.bytecode-alliance.audits.atomic-waker]]
who = "Alex Crichton <alex@alexcrichton.com>"
criteria = "safe-to-deploy"
version = "1.1.2"
notes = "Contains `unsafe` code but it's well-documented and scoped to what it's intended to be doing. Otherwise a well-focused and straightforward crate."

[[audits.bytecode-alliance.audits.fallible-iterator]]
who = "Alex Crichton <alex@alexcrichton.com>"
criteria = "safe-to-deploy"
delta = "0.2.0 -> 0.3.0"
notes = """
This major version update has a few minor breaking changes but everything
this crate has to do with iterators and `Result` and such. No `unsafe` or
anything like that, all looks good.
"""

[[audits.bytecode-alliance.audits.iana-time-zone-haiku]]
who = "Dan Gohman <dev@sunfishcode.online>"
criteria = "safe-to-deploy"
version = "0.1.2"

[[audits.bytecode-alliance.audits.miniz_oxide]]
who = "Alex Crichton <alex@alexcrichton.com>"
criteria = "safe-to-deploy"
version = "0.7.1"
notes = """
This crate is a Rust implementation of zlib compression/decompression and has
been used by default by the Rust standard library for quite some time. It's also
a default dependency of the popular `backtrace` crate for decompressing debug
information. This crate forbids unsafe code and does not otherwise access system
resources. It's originally a port of the `miniz.c` library as well, and given
its own longevity should be relatively hardened against some of the more common
compression-related issues.
"""

[[audits.bytecode-alliance.audits.miniz_oxide]]
who = "Alex Crichton <alex@alexcrichton.com>"
criteria = "safe-to-deploy"
delta = "0.7.1 -> 0.8.0"
notes = "Minor updates, using new Rust features like `const`, no major changes."

[[audits.bytecode-alliance.audits.miniz_oxide]]
who = "Alex Crichton <alex@alexcrichton.com>"
criteria = "safe-to-deploy"
delta = "0.8.0 -> 0.8.5"
notes = """
Lots of small updates here and there, for example around modernizing Rust
idioms. No new `unsafe` code and everything looks like what you'd expect a
compression library to be doing.
"""

[[audits.bytecode-alliance.audits.miniz_oxide]]
who = "Alex Crichton <alex@alexcrichton.com>"
criteria = "safe-to-deploy"
delta = "0.8.5 -> 0.8.9"
notes = "No new unsafe code, just refactorings."

[[audits.bytecode-alliance.audits.num-traits]]
who = "Andrew Brown <andrew.brown@intel.com>"
criteria = "safe-to-deploy"
version = "0.2.19"
notes = "As advertised: a numeric library. The only `unsafe` is from some float-to-int conversions, which seems expected."

[[audits.bytecode-alliance.audits.rustix-linux-procfs]]
who = "Dan Gohman <dev@sunfishcode.online>"
criteria = "safe-to-deploy"
version = "0.1.1"

[[audits.bytecode-alliance.audits.unarray]]
who = "Alex Crichton <alex@alexcrichton.com>"
criteria = "safe-to-deploy"
version = "0.1.4"
notes = """
Crate is sound, albeit leaky, and not actively malicious. Probably not the best
crate to use in practice but it's suitable for testing dependencies.
"""

[[audits.bytecode-alliance.audits.vcpkg]]
who = "Pat Hickey <phickey@fastly.com>"
criteria = "safe-to-deploy"
version = "0.2.15"
notes = "no build.rs, no macros, no unsafe. It reads the filesystem and makes copies of DLLs into OUT_DIR."

[[audits.bytecode-alliance.audits.xattr]]
who = "Andrew Brown <andrew.brown@intel.com>"
criteria = "safe-to-deploy"
version = "1.2.0"
notes = "This crate contains `unsafe` calls to libc `extattr_*` functions as one would expect from the crate's purpose."

[[audits.bytecode-alliance.audits.xattr]]
who = "Andrew Brown <andrew.brown@intel.com>"
criteria = "safe-to-deploy"
delta = "1.2.0 -> 1.3.1"
notes = "Minor changes to MacOS-specific code."

[[audits.bytecode-alliance.audits.xattr]]
who = "Alex Crichton <alex@alexcrichton.com>"
criteria = "safe-to-deploy"
delta = "1.3.1 -> 1.6.1"
notes = "Refactorings and minor updates, nothing out of place."
